
Microsoft Visual Studio Solution File, Format Version 12.00
# Visual Studio Version 16
VisualStudioVersion = 16.0.31702.278
MinimumVisualStudioVersion = 10.0.40219.1
Project("{9A19103F-16F7-4668-BE54-9A1E7A4F7556}") = "FluentValidationApp.Web", "FluentValidationApp.Web\FluentValidationApp.Web.csproj", "{BEEAFC9B-F4FA-414E-BF4F-C673BE836C98}"
EndProject
Project("{FAE04EC0-301F-11D3-BF4B-00C04F79EFBC}") = "RateLimit.API", "RateLimit.API\RateLimit.API.csproj", "{E4EB5E95-9BE1-49A4-92B2-DF37D3A36EBF}"
EndProject
Project("{FAE04EC0-301F-11D3-BF4B-00C04F79EFBC}") = "SmidgeApp.Web", "SmidgeApp.Web\SmidgeApp.Web.csproj", "{BA961D2F-E6A7-4A9F-811A-971EA8292B33}"
EndProject
Global
	GlobalSection(SolutionConfigurationPlatforms) = preSolution
		Debug|Any CPU = Debug|Any CPU
		Release|Any CPU = Release|Any CPU
	EndGlobalSection
	GlobalSection(ProjectConfigurationPlatforms) = postSolution
		{BEEAFC9B-F4FA-414E-BF4F-C673BE836C98}.Debug|Any CPU.ActiveCfg = Debug|Any CPU
		{BEEAFC9B-F4FA-414E-BF4F-C673BE836C98}.Debug|Any CPU.Build.0 = Debug|Any CPU
		{BEEAFC9B-F4FA-414E-BF4F-C673BE836C98}.Release|Any CPU.ActiveCfg = Release|Any CPU
		{BEEAFC9B-F4FA-414E-BF4F-C673BE836C98}.Release|Any CPU.Build.0 = Release|Any CPU
		{E4EB5E95-9BE1-49A4-92B2-DF37D3A36EBF}.Debug|Any CPU.ActiveCfg = Debug|Any CPU
		{E4EB5E95-9BE1-49A4-92B2-DF37D3A36EBF}.Debug|Any CPU.Build.0 = Debug|Any CPU
		{E4EB5E95-9BE1-49A4-92B2-DF37D3A36EBF}.Release|Any CPU.ActiveCfg = Release|Any CPU
		{E4EB5E95-9BE1-49A4-92B2-DF37D3A36EBF}.Release|Any CPU.Build.0 = Release|Any CPU
		{BA961D2F-E6A7-4A9F-811A-971EA8292B33}.Debug|Any CPU.ActiveCfg = Debug|Any CPU
		{BA961D2F-E6A7-4A9F-811A-971EA8292B33}.Debug|Any CPU.Build.0 = Debug|Any CPU
		{BA961D2F-E6A7-4A9F-811A-971EA8292B33}.Release|Any CPU.ActiveCfg = Release|Any CPU
		{BA961D2F-E6A7-4A9F-811A-971EA8292B33}.Release|Any CPU.Build.0 = Release|Any CPU
	EndGlobalSection
	GlobalSection(SolutionProperties) = preSolution
		HideSolutionNode = FALSE
	EndGlobalSection
	GlobalSection(ExtensibilityGlobals) = postSolution
		SolutionGuid = {E9002A56-6169-40F2-8A77-6292CB56A3B6}
	EndGlobalSection
EndGlobal
